
Microsoft Visual Studio Solution File, Format Version 11.00
# Visual Studio 2010
Project("{FAE04EC0-301F-11D3-BF4B-00C04F79EFBC}") = "MinigunViking", "MinigunViking\MinigunViking\MinigunViking.csproj", "{FCB8029B-BB22-40EB-8DAE-6683B7B4FF25}"
EndProject
Project("{FAE04EC0-301F-11D3-BF4B-00C04F79EFBC}") = "MinigunVikingContent", "MinigunViking\MinigunVikingContent\MinigunVikingContent.contentproj", "{A19A1EC6-60B6-4626-AABC-28EC37B88535}"
EndProject
Project("{2150E333-8FDC-42A3-9474-1A3956D46DE8}") = "Solution Items", "Solution Items", "{8C635BF2-FE99-418E-9E6C-79CFB91EAD7E}"
EndProject
Global
	GlobalSection(SolutionConfigurationPlatforms) = preSolution
		Debug|Any CPU = Debug|Any CPU
		Debug|Mixed Platforms = Debug|Mixed Platforms
		Debug|x86 = Debug|x86
		Release|Any CPU = Release|Any CPU
		Release|Mixed Platforms = Release|Mixed Platforms
		Release|x86 = Release|x86
	EndGlobalSection
	GlobalSection(ProjectConfigurationPlatforms) = postSolution
		{FCB8029B-BB22-40EB-8DAE-6683B7B4FF25}.Debug|Any CPU.ActiveCfg = Debug|x86
		{FCB8029B-BB22-40EB-8DAE-6683B7B4FF25}.Debug|Mixed Platforms.ActiveCfg = Debug|x86
		{FCB8029B-BB22-40EB-8DAE-6683B7B4FF25}.Debug|Mixed Platforms.Build.0 = Debug|x86
		{FCB8029B-BB22-40EB-8DAE-6683B7B4FF25}.Debug|x86.ActiveCfg = Debug|x86
		{FCB8029B-BB22-40EB-8DAE-6683B7B4FF25}.Debug|x86.Build.0 = Debug|x86
		{FCB8029B-BB22-40EB-8DAE-6683B7B4FF25}.Release|Any CPU.ActiveCfg = Release|x86
		{FCB8029B-BB22-40EB-8DAE-6683B7B4FF25}.Release|Mixed Platforms.ActiveCfg = Release|x86
		{FCB8029B-BB22-40EB-8DAE-6683B7B4FF25}.Release|Mixed Platforms.Build.0 = Release|x86
		{FCB8029B-BB22-40EB-8DAE-6683B7B4FF25}.Release|x86.ActiveCfg = Release|x86
		{FCB8029B-BB22-40EB-8DAE-6683B7B4FF25}.Release|x86.Build.0 = Release|x86
		{A19A1EC6-60B6-4626-AABC-28EC37B88535}.Debug|Any CPU.ActiveCfg = Debug|x86
		{A19A1EC6-60B6-4626-AABC-28EC37B88535}.Debug|Mixed Platforms.ActiveCfg = Debug|x86
		{A19A1EC6-60B6-4626-AABC-28EC37B88535}.Debug|x86.ActiveCfg = Debug|x86
		{A19A1EC6-60B6-4626-AABC-28EC37B88535}.Release|Any CPU.ActiveCfg = Release|x86
		{A19A1EC6-60B6-4626-AABC-28EC37B88535}.Release|Mixed Platforms.ActiveCfg = Release|x86
		{A19A1EC6-60B6-4626-AABC-28EC37B88535}.Release|x86.ActiveCfg = Release|x86
	EndGlobalSection
	GlobalSection(SolutionProperties) = preSolution
		HideSolutionNode = FALSE
	EndGlobalSection
EndGlobal
